// !$*UTF8*$!
{
	archiveVersion = 1;
	classes = {
	};
	objectVersion = 46;
	objects = {

/* Begin PBXBuildFile section */
		72AECA941C35ADD400FA5186 /* AppDelegate.swift in Sources */ = {isa = PBXBuildFile; fileRef = 72AECA931C35ADD400FA5186 /* AppDelegate.swift */; };
		72AECA961C35ADD400FA5186 /* ViewController.swift in Sources */ = {isa = PBXBuildFile; fileRef = 72AECA951C35ADD400FA5186 /* ViewController.swift */; };
		72AECA991C35ADD400FA5186 /* Main.storyboard in Resources */ = {isa = PBXBuildFile; fileRef = 72AECA971C35ADD400FA5186 /* Main.storyboard */; };
		72AECA9B1C35ADD400FA5186 /* Assets.xcassets in Resources */ = {isa = PBXBuildFile; fileRef = 72AECA9A1C35ADD400FA5186 /* Assets.xcassets */; };
		72AECA9E1C35ADD400FA5186 /* LaunchScreen.storyboard in Resources */ = {isa = PBXBuildFile; fileRef = 72AECA9C1C35ADD400FA5186 /* LaunchScreen.storyboard */; };
		72AECAA91C35ADD400FA5186 /* Weather_ReportTests.swift in Sources */ = {isa = PBXBuildFile; fileRef = 72AECAA81C35ADD400FA5186 /* Weather_ReportTests.swift */; };
		72AECAB41C35ADD400FA5186 /* Weather_ReportUITests.swift in Sources */ = {isa = PBXBuildFile; fileRef = 72AECAB31C35ADD400FA5186 /* Weather_ReportUITests.swift */; };
		72ECA90A1C3738A000A1F94F /* rainy-weather-hd-wallpaper.jpg in Resources */ = {isa = PBXBuildFile; fileRef = 72ECA9091C3738A000A1F94F /* rainy-weather-hd-wallpaper.jpg */; };
/* End PBXBuildFile section */

/* Begin PBXContainerItemProxy section */
		72AECAA51C35ADD400FA5186 /* PBXContainerItemProxy */ = {
			isa = PBXContainerItemProxy;
			containerPortal = 72AECA881C35ADD400FA5186 /* Project object */;
			proxyType = 1;
			remoteGlobalIDString = 72AECA8F1C35ADD400FA5186;
			remoteInfo = Weather_Report;
		};
		72AECAB01C35ADD400FA5186 /* PBXContainerItemProxy */ = {
			isa = PBXContainerItemProxy;
			containerPortal = 72AECA881C35ADD400FA5186 /* Project object */;
			proxyType = 1;
			remoteGlobalIDString = 72AECA8F1C35ADD400FA5186;
			remoteInfo = Weather_Report;
		};
/* End PBXContainerItemProxy section */

/* Begin PBXFileReference section */
		72AECA901C35ADD400FA5186 /* Weather_Report.app */ = {isa = PBXFileReference; explicitFileType = wrapper.application; includeInIndex = 0; path = Weather_Report.app; sourceTree = BUILT_PRODUCTS_DIR; };
		72AECA931C35ADD400FA5186 /* AppDelegate.swift */ = {isa = PBXFileReference; lastKnownFileType = sourcecode.swift; path = AppDelegate.swift; sourceTree = "<group>"; };
		72AECA951C35ADD400FA5186 /* ViewController.swift */ = {isa = PBXFileReference; lastKnownFileType = sourcecode.swift; path = ViewController.swift; sourceTree = "<group>"; };
		72AECA981C35ADD400FA5186 /* Base */ = {isa = PBXFileReference; lastKnownFileType = file.storyboard; name = Base; path = Base.lproj/Main.storyboard; sourceTree = "<group>"; };
		72AECA9A1C35ADD400FA5186 /* Assets.xcassets */ = {isa = PBXFileReference; lastKnownFileType = folder.assetcatalog; path = Assets.xcassets; sourceTree = "<group>"; };
		72AECA9D1C35ADD400FA5186 /* Base */ = {isa = PBXFileReference; lastKnownFileType = file.storyboard; name = Base; path = Base.lproj/LaunchScreen.storyboard; sourceTree = "<group>"; };
		72AECA9F1C35ADD400FA5186 /* Info.plist */ = {isa = PBXFileReference; lastKnownFileType = text.plist.xml; path = Info.plist; sourceTree = "<group>"; };
		72AECAA41C35ADD400FA5186 /* Weather_ReportTests.xctest */ = {isa = PBXFileReference; explicitFileType = wrapper.cfbundle; includeInIndex = 0; path = Weather_ReportTests.xctest; sourceTree = BUILT_PRODUCTS_DIR; };
		72AECAA81C35ADD400FA5186 /* Weather_ReportTests.swift */ = {isa = PBXFileReference; lastKnownFileType = sourcecode.swift; path = Weather_ReportTests.swift; sourceTree = "<group>"; };
		72AECAAA1C35ADD400FA5186 /* Info.plist */ = {isa = PBXFileReference; lastKnownFileType = text.plist.xml; path = Info.plist; sourceTree = "<group>"; };
		72AECAAF1C35ADD400FA5186 /* Weather_ReportUITests.xctest */ = {isa = PBXFileReference; explicitFileType = wrapper.cfbundle; includeInIndex = 0; path = Weather_ReportUITests.xctest; sourceTree = BUILT_PRODUCTS_DIR; };
		72AECAB31C35ADD400FA5186 /* Weather_ReportUITests.swift */ = {isa = PBXFileReference; lastKnownFileType = sourcecode.swift; path = Weather_ReportUITests.swift; sourceTree = "<group>"; };
		72AECAB51C35ADD400FA5186 /* Info.plist */ = {isa = PBXFileReference; lastKnownFileType = text.plist.xml; path = Info.plist; sourceTree = "<group>"; };
		72ECA9091C3738A000A1F94F /* rainy-weather-hd-wallpaper.jpg */ = {isa = PBXFileReference; lastKnownFileType = image.jpeg; name = "rainy-weather-hd-wallpaper.jpg"; path = "../../../../../Downloads/rainy-weather-hd-wallpaper.jpg"; sourceTree = "<group>"; };
/* End PBXFileReference section */

/* Begin PBXFrameworksBuildPhase section */
		72AECA8D1C35ADD400FA5186 /* Frameworks */ = {
			isa = PBXFrameworksBuildPhase;
			buildActionMask = 2147483647;
			files = (
			);
			runOnlyForDeploymentPostprocessing = 0;
		};
		72AECAA11C35ADD400FA5186 /* Frameworks */ = {
			isa = PBXFrameworksBuildPhase;
			buildActionMask = 2147483647;
			files = (
			);
			runOnlyForDeploymentPostprocessing = 0;
		};
		72AECAAC1C35ADD400FA5186 /* Frameworks */ = {
			isa = PBXFrameworksBuildPhase;
			buildActionMask = 2147483647;
			files = (
			);
			runOnlyForDeploymentPostprocessing = 0;
		};
/* End PBXFrameworksBuildPhase section */

/* Begin PBXGroup section */
		72AECA871C35ADD400FA5186 = {
			isa = PBXGroup;
			children = (
				72AECA921C35ADD400FA5186 /* Weather_Report */,
				72AECAA71C35ADD400FA5186 /* Weather_ReportTests */,
				72AECAB21C35ADD400FA5186 /* Weather_ReportUITests */,
				72AECA911C35ADD400FA5186 /* Products */,
			);
			sourceTree = "<group>";
		};
		72AECA911C35ADD400FA5186 /* Products */ = {
			isa = PBXGroup;
			children = (
				72AECA901C35ADD400FA5186 /* Weather_Report.app */,
				72AECAA41C35ADD400FA5186 /* Weather_ReportTests.xctest */,
				72AECAAF1C35ADD400FA5186 /* Weather_ReportUITests.xctest */,
			);
			name = Products;
			sourceTree = "<group>";
		};
		72AECA921C35ADD400FA5186 /* Weather_Report */ = {
			isa = PBXGroup;
			children = (
				72AECA931C35ADD400FA5186 /* AppDelegate.swift */,
				72AECA951C35ADD400FA5186 /* ViewController.swift */,
				72AECA971C35ADD400FA5186 /* Main.storyboard */,
				72AECA9A1C35ADD400FA5186 /* Assets.xcassets */,
				72AECA9C1C35ADD400FA5186 /* LaunchScreen.storyboard */,
				72ECA9091C3738A000A1F94F /* rainy-weather-hd-wallpaper.jpg */,
				72AECA9F1C35ADD400FA5186 /* Info.plist */,
			);
			path = Weather_Report;
			sourceTree = "<group>";
		};
		72AECAA71C35ADD400FA5186 /* Weather_ReportTests */ = {
			isa = PBXGroup;
			children = (
				72AECAA81C35ADD400FA5186 /* Weather_ReportTests.swift */,
				72AECAAA1C35ADD400FA5186 /* Info.plist */,
			);
			path = Weather_ReportTests;
			sourceTree = "<group>";
		};
		72AECAB21C35ADD400FA5186 /* Weather_ReportUITests */ = {
			isa = PBXGroup;
			children = (
				72AECAB31C35ADD400FA5186 /* Weather_ReportUITests.swift */,
				72AECAB51C35ADD400FA5186 /* Info.plist */,
			);
			path = Weather_ReportUITests;
			sourceTree = "<group>";
		};
/* End PBXGroup section */

/* Begin PBXNativeTarget section */
		72AECA8F1C35ADD400FA5186 /* Weather_Report */ = {
			isa = PBXNativeTarget;
			buildConfigurationList = 72AECAB81C35ADD400FA5186 /* Build configuration list for PBXNativeTarget "Weather_Report" */;
			buildPhases = (
				72AECA8C1C35ADD400FA5186 /* Sources */,
				72AECA8D1C35ADD400FA5186 /* Frameworks */,
				72AECA8E1C35ADD400FA5186 /* Resources */,
			);
			buildRules = (
			);
			dependencies = (
			);
			name = Weather_Report;
			productName = Weather_Report;
			productReference = 72AECA901C35ADD400FA5186 /* Weather_Report.app */;
			productType = "com.apple.product-type.application";
		};
		72AECAA31C35ADD400FA5186 /* Weather_ReportTests */ = {
			isa = PBXNativeTarget;
			buildConfigurationList = 72AECABB1C35ADD400FA5186 /* Build configuration list for PBXNativeTarget "Weather_ReportTests" */;
			buildPhases = (
				72AECAA01C35ADD400FA5186 /* Sources */,
				72AECAA11C35ADD400FA5186 /* Frameworks */,
				72AECAA21C35ADD400FA5186 /* Resources */,
			);
			buildRules = (
			);
			dependencies = (
				72AECAA61C35ADD400FA5186 /* PBXTargetDependency */,
			);
			name = Weather_ReportTests;
			productName = Weather_ReportTests;
			productReference = 72AECAA41C35ADD400FA5186 /* Weather_ReportTests.xctest */;
			productType = "com.apple.product-type.bundle.unit-test";
		};
		72AECAAE1C35ADD400FA5186 /* Weather_ReportUITests */ = {
			isa = PBXNativeTarget;
			buildConfigurationList = 72AECABE1C35ADD400FA5186 /* Build configuration list for PBXNativeTarget "Weather_ReportUITests" */;
			buildPhases = (
				72AECAAB1C35ADD400FA5186 /* Sources */,
				72AECAAC1C35ADD400FA5186 /* Frameworks */,
				72AECAAD1C35ADD400FA5186 /* Resources */,
			);
			buildRules = (
			);
			dependencies = (
				72AECAB11C35ADD400FA5186 /* PBXTargetDependency */,
			);
			name = Weather_ReportUITests;
			productName = Weather_ReportUITests;
			productReference = 72AECAAF1C35ADD400FA5186 /* Weather_ReportUITests.xctest */;
			productType = "com.apple.product-type.bundle.ui-testing";
		};
/* End PBXNativeTarget section */

/* Begin PBXProject section */
		72AECA881C35ADD400FA5186 /* Project object */ = {
			isa = PBXProject;
			attributes = {
				LastSwiftUpdateCheck = 0720;
				LastUpgradeCheck = 0720;
				ORGANIZATIONNAME = "Dingchao Zhang";
				TargetAttributes = {
					72AECA8F1C35ADD400FA5186 = {
						CreatedOnToolsVersion = 7.2;
					};
					72AECAA31C35ADD400FA5186 = {
						CreatedOnToolsVersion = 7.2;
						TestTargetID = 72AECA8F1C35ADD400FA5186;
					};
					72AECAAE1C35ADD400FA5186 = {
						CreatedOnToolsVersion = 7.2;
						TestTargetID = 72AECA8F1C35ADD400FA5186;
					};
				};
			};
			buildConfigurationList = 72AECA8B1C35ADD400FA5186 /* Build configuration list for PBXProject "Weather_Report" */;
			compatibilityVersion = "Xcode 3.2";
			developmentRegion = English;
			hasScannedForEncodings = 0;
			knownRegions = (
				en,
				Base,
			);
			mainGroup = 72AECA871C35ADD400FA5186;
			productRefGroup = 72AECA911C35ADD400FA5186 /* Products */;
			projectDirPath = "";
			projectRoot = "";
			targets = (
				72AECA8F1C35ADD400FA5186 /* Weather_Report */,
				72AECAA31C35ADD400FA5186 /* Weather_ReportTests */,
				72AECAAE1C35ADD400FA5186 /* Weather_ReportUITests */,
			);
		};
/* End PBXProject section */

/* Begin PBXResourcesBuildPhase section */
		72AECA8E1C35ADD400FA5186 /* Resources */ = {
			isa = PBXResourcesBuildPhase;
			buildActionMask = 2147483647;
			files = (
				72AECA9E1C35ADD400FA5186 /* LaunchScreen.storyboard in Resources */,
				72AECA9B1C35ADD400FA5186 /* Assets.xcassets in Resources */,
				72AECA991C35ADD400FA5186 /* Main.storyboard in Resources */,
				72ECA90A1C3738A000A1F94F /* rainy-weather-hd-wallpaper.jpg in Resources */,
			);
			runOnlyForDeploymentPostprocessing = 0;
		};
		72AECAA21C35ADD400FA5186 /* Resources */ = {
			isa = PBXResourcesBuildPhase;
			buildActionMask = 2147483647;
			files = (
			);
			runOnlyForDeploymentPostprocessing = 0;
		};
		72AECAAD1C35ADD400FA5186 /* Resources */ = {
			isa = PBXResourcesBuildPhase;
			buildActionMask = 2147483647;
			files = (
			);
			runOnlyForDeploymentPostprocessing = 0;
		};
/* End PBXResourcesBuildPhase section */

/* Begin PBXSourcesBuildPhase section */
		72AECA8C1C35ADD400FA5186 /* Sources */ = {
			isa = PBXSourcesBuildPhase;
			buildActionMask = 2147483647;
			files = (
				72AECA961C35ADD400FA5186 /* ViewController.swift in Sources */,
				72AECA941C35ADD400FA5186 /* AppDelegate.swift in Sources */,
			);
			runOnlyForDeploymentPostprocessing = 0;
		};
		72AECAA01C35ADD400FA5186 /* Sources */ = {
			isa = PBXSourcesBuildPhase;
			buildActionMask = 2147483647;
			files = (
				72AECAA91C35ADD400FA5186 /* Weather_ReportTests.swift in Sources */,
			);
			runOnlyForDeploymentPostprocessing = 0;
		};
		72AECAAB1C35ADD400FA5186 /* Sources */ = {
			isa = PBXSourcesBuildPhase;
			buildActionMask = 2147483647;
			files = (
				72AECAB41C35ADD400FA5186 /* Weather_ReportUITests.swift in Sources */,
			);
			runOnlyForDeploymentPostprocessing = 0;
		};
/* End PBXSourcesBuildPhase section */

/* Begin PBXTargetDependency section */
		72AECAA61C35ADD400FA5186 /* PBXTargetDependency */ = {
			isa = PBXTargetDependency;
			target = 72AECA8F1C35ADD400FA5186 /* Weather_Report */;
			targetProxy = 72AECAA51C35ADD400FA5186 /* PBXContainerItemProxy */;
		};
		72AECAB11C35ADD400FA5186 /* PBXTargetDependency */ = {
			isa = PBXTargetDependency;
			target = 72AECA8F1C35ADD400FA5186 /* Weather_Report */;
			targetProxy = 72AECAB01C35ADD400FA5186 /* PBXContainerItemProxy */;
		};
/* End PBXTargetDependency section */

/* Begin PBXVariantGroup section */
		72AECA971C35ADD400FA5186 /* Main.storyboard */ = {
			isa = PBXVariantGroup;
			children = (
				72AECA981C35ADD400FA5186 /* Base */,
			);
			name = Main.storyboard;
			sourceTree = "<group>";
		};
		72AECA9C1C35ADD400FA5186 /* LaunchScreen.storyboard */ = {
			isa = PBXVariantGroup;
			children = (
				72AECA9D1C35ADD400FA5186 /* Base */,
			);
			name = LaunchScreen.storyboard;
			sourceTree = "<group>";
		};
/* End PBXVariantGroup section */

/* Begin XCBuildConfiguration section */
		72AECAB61C35ADD400FA5186 /* Debug */ = {
			isa = XCBuildConfiguration;
			buildSettings = {
				ALWAYS_SEARCH_USER_PATHS = NO;
				CLANG_CXX_LANGUAGE_STANDARD = "gnu++0x";
				CLANG_CXX_LIBRARY = "libc++";
				CLANG_ENABLE_MODULES = YES;
				CLANG_ENABLE_OBJC_ARC = YES;
				CLANG_WARN_BOOL_CONVERSION = YES;
				CLANG_WARN_CONSTANT_CONVERSION = YES;
				CLANG_WARN_DIRECT_OBJC_ISA_USAGE = YES_ERROR;
				CLANG_WARN_EMPTY_BODY = YES;
				CLANG_WARN_ENUM_CONVERSION = YES;
				CLANG_WARN_INT_CONVERSION = YES;
				CLANG_WARN_OBJC_ROOT_CLASS = YES_ERROR;
				CLANG_WARN_UNREACHABLE_CODE = YES;
				CLANG_WARN__DUPLICATE_METHOD_MATCH = YES;
				"CODE_SIGN_IDENTITY[sdk=iphoneos*]" = "iPhone Developer";
				COPY_PHASE_STRIP = NO;
				DEBUG_INFORMATION_FORMAT = dwarf;
				ENABLE_STRICT_OBJC_MSGSEND = YES;
				ENABLE_TESTABILITY = YES;
				GCC_C_LANGUAGE_STANDARD = gnu99;
				GCC_DYNAMIC_NO_PIC = NO;
				GCC_NO_COMMON_BLOCKS = YES;
				GCC_OPTIMIZATION_LEVEL = 0;
				GCC_PREPROCESSOR_DEFINITIONS = (
					"DEBUG=1",
					"$(inherited)",
				);
				GCC_WARN_64_TO_32_BIT_CONVERSION = YES;
				GCC_WARN_ABOUT_RETURN_TYPE = YES_ERROR;
				GCC_WARN_UNDECLARED_SELECTOR = YES;
				GCC_WARN_UNINITIALIZED_AUTOS = YES_AGGRESSIVE;
				GCC_WARN_UNUSED_FUNCTION = YES;
				GCC_WARN_UNUSED_VARIABLE = YES;
				IPHONEOS_DEPLOYMENT_TARGET = 9.2;
				MTL_ENABLE_DEBUG_INFO = YES;
				ONLY_ACTIVE_ARCH = YES;
				SDKROOT = iphoneos;
				SWIFT_OPTIMIZATION_LEVEL = "-Onone";
			};
			name = Debug;
		};
		72AECAB71C35ADD400FA5186 /* Release */ = {
			isa = XCBuildConfiguration;
			buildSettings = {
				ALWAYS_SEARCH_USER_PATHS = NO;
				CLANG_CXX_LANGUAGE_STANDARD = "gnu++0x";
				CLANG_CXX_LIBRARY = "libc++";
				CLANG_ENABLE_MODULES = YES;
				CLANG_ENABLE_OBJC_ARC = YES;
				CLANG_WARN_BOOL_CONVERSION = YES;
				CLANG_WARN_CONSTANT_CONVERSION = YES;
				CLANG_WARN_DIRECT_OBJC_ISA_USAGE = YES_ERROR;
				CLANG_WARN_EMPTY_BODY = YES;
				CLANG_WARN_ENUM_CONVERSION = YES;
				CLANG_WARN_INT_CONVERSION = YES;
				CLANG_WARN_OBJC_ROOT_CLASS = YES_ERROR;
				CLANG_WARN_UNREACHABLE_CODE = YES;
				CLANG_WARN__DUPLICATE_METHOD_MATCH = YES;
				"CODE_SIGN_IDENTITY[sdk=iphoneos*]" = "iPhone Developer";
				COPY_PHASE_STRIP = NO;
				DEBUG_INFORMATION_FORMAT = "dwarf-with-dsym";
				ENABLE_NS_ASSERTIONS = NO;
				ENABLE_STRICT_OBJC_MSGSEND = YES;
				GCC_C_LANGUAGE_STANDARD = gnu99;
				GCC_NO_COMMON_BLOCKS = YES;
				GCC_WARN_64_TO_32_BIT_CONVERSION = YES;
				GCC_WARN_ABOUT_RETURN_TYPE = YES_ERROR;
				GCC_WARN_UNDECLARED_SELECTOR = YES;
				GCC_WARN_UNINITIALIZED_AUTOS = YES_AGGRESSIVE;
				GCC_WARN_UNUSED_FUNCTION = YES;
				GCC_WARN_UNUSED_VARIABLE = YES;
				IPHONEOS_DEPLOYMENT_TARGET = 9.2;
				MTL_ENABLE_DEBUG_INFO = NO;
				SDKROOT = iphoneos;
				VALIDATE_PRODUCT = YES;
			};
			name = Release;
		};
		72AECAB91C35ADD400FA5186 /* Debug */ = {
			isa = XCBuildConfiguration;
			buildSettings = {
				ASSETCATALOG_COMPILER_APPICON_NAME = AppIcon;
				INFOPLIST_FILE = Weather_Report/Info.plist;
				LD_RUNPATH_SEARCH_PATHS = "$(inherited) @executable_path/Frameworks";
				PRODUCT_BUNDLE_IDENTIFIER = "com.dingchaoz.Weather-Report";
				PRODUCT_NAME = "$(TARGET_NAME)";
			};
			name = Debug;
		};
		72AECABA1C35ADD400FA5186 /* Release */ = {
			isa = XCBuildConfiguration;
			buildSettings = {
				ASSETCATALOG_COMPILER_APPICON_NAME = AppIcon;
				INFOPLIST_FILE = Weather_Report/Info.plist;
				LD_RUNPATH_SEARCH_PATHS = "$(inherited) @executable_path/Frameworks";
				PRODUCT_BUNDLE_IDENTIFIER = "com.dingchaoz.Weather-Report";
				PRODUCT_NAME = "$(TARGET_NAME)";
			};
			name = Release;
		};
		72AECABC1C35ADD400FA5186 /* Debug */ = {
			isa = XCBuildConfiguration;
			buildSettings = {
				BUNDLE_LOADER = "$(TEST_HOST)";
				INFOPLIST_FILE = Weather_ReportTests/Info.plist;
				LD_RUNPATH_SEARCH_PATHS = "$(inherited) @executable_path/Frameworks @loader_path/Frameworks";
				PRODUCT_BUNDLE_IDENTIFIER = "com.dingchaoz.Weather-ReportTests";
				PRODUCT_NAME = "$(TARGET_NAME)";
				TEST_HOST = "$(BUILT_PRODUCTS_DIR)/Weather_Report.app/Weather_Report";
			};
			name = Debug;
		};
		72AECABD1C35ADD400FA5186 /* Release */ = {
			isa = XCBuildConfiguration;
			buildSettings = {
				BUNDLE_LOADER = "$(TEST_HOST)";
				INFOPLIST_FILE = Weather_ReportTests/Info.plist;
				LD_RUNPATH_SEARCH_PATHS = "$(inherited) @executable_path/Frameworks @loader_path/Frameworks";
				PRODUCT_BUNDLE_IDENTIFIER = "com.dingchaoz.Weather-ReportTests";
				PRODUCT_NAME = "$(TARGET_NAME)";
				TEST_HOST = "$(BUILT_PRODUCTS_DIR)/Weather_Report.app/Weather_Report";
			};
			name = Release;
		};
		72AECABF1C35ADD400FA5186 /* Debug */ = {
			isa = XCBuildConfiguration;
			buildSettings = {
				INFOPLIST_FILE = Weather_ReportUITests/Info.plist;
				LD_RUNPATH_SEARCH_PATHS = "$(inherited) @executable_path/Frameworks @loader_path/Frameworks";
				PRODUCT_BUNDLE_IDENTIFIER = "com.dingchaoz.Weather-ReportUITests";
				PRODUCT_NAME = "$(TARGET_NAME)";
				TEST_TARGET_NAME = Weather_Report;
				USES_XCTRUNNER = YES;
			};
			name = Debug;
		};
		72AECAC01C35ADD400FA5186 /* Release */ = {
			isa = XCBuildConfiguration;
			buildSettings = {
				INFOPLIST_FILE = Weather_ReportUITests/Info.plist;
				LD_RUNPATH_SEARCH_PATHS = "$(inherited) @executable_path/Frameworks @loader_path/Frameworks";
				PRODUCT_BUNDLE_IDENTIFIER = "com.dingchaoz.Weather-ReportUITests";
				PRODUCT_NAME = "$(TARGET_NAME)";
				TEST_TARGET_NAME = Weather_Report;
				USES_XCTRUNNER = YES;
			};
			name = Release;
		};
/* End XCBuildConfiguration section */

/* Begin XCConfigurationList section */
		72AECA8B1C35ADD400FA5186 /* Build configuration list for PBXProject "Weather_Report" */ = {
			isa = XCConfigurationList;
			buildConfigurations = (
				72AECAB61C35ADD400FA5186 /* Debug */,
				72AECAB71C35ADD400FA5186 /* Release */,
			);
			defaultConfigurationIsVisible = 0;
			defaultConfigurationName = Release;
		};
		72AECAB81C35ADD400FA5186 /* Build configuration list for PBXNativeTarget "Weather_Report" */ = {
			isa = XCConfigurationList;
			buildConfigurations = (
				72AECAB91C35ADD400FA5186 /* Debug */,
				72AECABA1C35ADD400FA5186 /* Release */,
			);
			defaultConfigurationIsVisible = 0;
			defaultConfigurationName = Release;
		};
		72AECABB1C35ADD400FA5186 /* Build configuration list for PBXNativeTarget "Weather_ReportTests" */ = {
			isa = XCConfigurationList;
			buildConfigurations = (
				72AECABC1C35ADD400FA5186 /* Debug */,
				72AECABD1C35ADD400FA5186 /* Release */,
			);
			defaultConfigurationIsVisible = 0;
			defaultConfigurationName = Release;
		};
		72AECABE1C35ADD400FA5186 /* Build configuration list for PBXNativeTarget "Weather_ReportUITests" */ = {
			isa = XCConfigurationList;
			buildConfigurations = (
				72AECABF1C35ADD400FA5186 /* Debug */,
				72AECAC01C35ADD400FA5186 /* Release */,
			);
			defaultConfigurationIsVisible = 0;
			defaultConfigurationName = Release;
		};
/* End XCConfigurationList section */
	};
	rootObject = 72AECA881C35ADD400FA5186 /* Project object */;
}
