// !$*UTF8*$!
{
	archiveVersion = 1;
	classes = {
	};
	objectVersion = 46;
	objects = {

/* Begin PBXBuildFile section */
		7230EBD31C3E0F7400419C31 /* CoreLocation.framework in Frameworks */ = {isa = PBXBuildFile; fileRef = 7230EBD21C3E0F7400419C31 /* CoreLocation.framework */; };
		727B29041C3E074F004291A7 /* AppDelegate.swift in Sources */ = {isa = PBXBuildFile; fileRef = 727B29031C3E074F004291A7 /* AppDelegate.swift */; };
		727B29061C3E074F004291A7 /* ViewController.swift in Sources */ = {isa = PBXBuildFile; fileRef = 727B29051C3E074F004291A7 /* ViewController.swift */; };
		727B29091C3E074F004291A7 /* Main.storyboard in Resources */ = {isa = PBXBuildFile; fileRef = 727B29071C3E074F004291A7 /* Main.storyboard */; };
		727B290B1C3E074F004291A7 /* Assets.xcassets in Resources */ = {isa = PBXBuildFile; fileRef = 727B290A1C3E074F004291A7 /* Assets.xcassets */; };
		727B290E1C3E074F004291A7 /* LaunchScreen.storyboard in Resources */ = {isa = PBXBuildFile; fileRef = 727B290C1C3E074F004291A7 /* LaunchScreen.storyboard */; };
		727B29191C3E074F004291A7 /* Memorable_places_playTestTests.swift in Sources */ = {isa = PBXBuildFile; fileRef = 727B29181C3E074F004291A7 /* Memorable_places_playTestTests.swift */; };
		727B29241C3E074F004291A7 /* Memorable_places_playTestUITests.swift in Sources */ = {isa = PBXBuildFile; fileRef = 727B29231C3E074F004291A7 /* Memorable_places_playTestUITests.swift */; };
		727B29321C3E0A4C004291A7 /* TableViewController.swift in Sources */ = {isa = PBXBuildFile; fileRef = 727B29311C3E0A4C004291A7 /* TableViewController.swift */; };
/* End PBXBuildFile section */

/* Begin PBXContainerItemProxy section */
		727B29151C3E074F004291A7 /* PBXContainerItemProxy */ = {
			isa = PBXContainerItemProxy;
			containerPortal = 727B28F81C3E074F004291A7 /* Project object */;
			proxyType = 1;
			remoteGlobalIDString = 727B28FF1C3E074F004291A7;
			remoteInfo = Memorable_places_playTest;
		};
		727B29201C3E074F004291A7 /* PBXContainerItemProxy */ = {
			isa = PBXContainerItemProxy;
			containerPortal = 727B28F81C3E074F004291A7 /* Project object */;
			proxyType = 1;
			remoteGlobalIDString = 727B28FF1C3E074F004291A7;
			remoteInfo = Memorable_places_playTest;
		};
/* End PBXContainerItemProxy section */

/* Begin PBXFileReference section */
		7230EBD21C3E0F7400419C31 /* CoreLocation.framework */ = {isa = PBXFileReference; lastKnownFileType = wrapper.framework; name = CoreLocation.framework; path = System/Library/Frameworks/CoreLocation.framework; sourceTree = SDKROOT; };
		727B29001C3E074F004291A7 /* Memorable_places_playTest.app */ = {isa = PBXFileReference; explicitFileType = wrapper.application; includeInIndex = 0; path = Memorable_places_playTest.app; sourceTree = BUILT_PRODUCTS_DIR; };
		727B29031C3E074F004291A7 /* AppDelegate.swift */ = {isa = PBXFileReference; lastKnownFileType = sourcecode.swift; path = AppDelegate.swift; sourceTree = "<group>"; };
		727B29051C3E074F004291A7 /* ViewController.swift */ = {isa = PBXFileReference; lastKnownFileType = sourcecode.swift; path = ViewController.swift; sourceTree = "<group>"; };
		727B29081C3E074F004291A7 /* Base */ = {isa = PBXFileReference; lastKnownFileType = file.storyboard; name = Base; path = Base.lproj/Main.storyboard; sourceTree = "<group>"; };
		727B290A1C3E074F004291A7 /* Assets.xcassets */ = {isa = PBXFileReference; lastKnownFileType = folder.assetcatalog; path = Assets.xcassets; sourceTree = "<group>"; };
		727B290D1C3E074F004291A7 /* Base */ = {isa = PBXFileReference; lastKnownFileType = file.storyboard; name = Base; path = Base.lproj/LaunchScreen.storyboard; sourceTree = "<group>"; };
		727B290F1C3E074F004291A7 /* Info.plist */ = {isa = PBXFileReference; lastKnownFileType = text.plist.xml; path = Info.plist; sourceTree = "<group>"; };
		727B29141C3E074F004291A7 /* Memorable_places_playTestTests.xctest */ = {isa = PBXFileReference; explicitFileType = wrapper.cfbundle; includeInIndex = 0; path = Memorable_places_playTestTests.xctest; sourceTree = BUILT_PRODUCTS_DIR; };
		727B29181C3E074F004291A7 /* Memorable_places_playTestTests.swift */ = {isa = PBXFileReference; lastKnownFileType = sourcecode.swift; path = Memorable_places_playTestTests.swift; sourceTree = "<group>"; };
		727B291A1C3E074F004291A7 /* Info.plist */ = {isa = PBXFileReference; lastKnownFileType = text.plist.xml; path = Info.plist; sourceTree = "<group>"; };
		727B291F1C3E074F004291A7 /* Memorable_places_playTestUITests.xctest */ = {isa = PBXFileReference; explicitFileType = wrapper.cfbundle; includeInIndex = 0; path = Memorable_places_playTestUITests.xctest; sourceTree = BUILT_PRODUCTS_DIR; };
		727B29231C3E074F004291A7 /* Memorable_places_playTestUITests.swift */ = {isa = PBXFileReference; lastKnownFileType = sourcecode.swift; path = Memorable_places_playTestUITests.swift; sourceTree = "<group>"; };
		727B29251C3E074F004291A7 /* Info.plist */ = {isa = PBXFileReference; lastKnownFileType = text.plist.xml; path = Info.plist; sourceTree = "<group>"; };
		727B29311C3E0A4C004291A7 /* TableViewController.swift */ = {isa = PBXFileReference; fileEncoding = 4; lastKnownFileType = sourcecode.swift; path = TableViewController.swift; sourceTree = "<group>"; };
/* End PBXFileReference section */

/* Begin PBXFrameworksBuildPhase section */
		727B28FD1C3E074F004291A7 /* Frameworks */ = {
			isa = PBXFrameworksBuildPhase;
			buildActionMask = 2147483647;
			files = (
				7230EBD31C3E0F7400419C31 /* CoreLocation.framework in Frameworks */,
			);
			runOnlyForDeploymentPostprocessing = 0;
		};
		727B29111C3E074F004291A7 /* Frameworks */ = {
			isa = PBXFrameworksBuildPhase;
			buildActionMask = 2147483647;
			files = (
			);
			runOnlyForDeploymentPostprocessing = 0;
		};
		727B291C1C3E074F004291A7 /* Frameworks */ = {
			isa = PBXFrameworksBuildPhase;
			buildActionMask = 2147483647;
			files = (
			);
			runOnlyForDeploymentPostprocessing = 0;
		};
/* End PBXFrameworksBuildPhase section */

/* Begin PBXGroup section */
		727B28F71C3E074F004291A7 = {
			isa = PBXGroup;
			children = (
				7230EBD21C3E0F7400419C31 /* CoreLocation.framework */,
				727B29021C3E074F004291A7 /* Memorable_places_playTest */,
				727B29171C3E074F004291A7 /* Memorable_places_playTestTests */,
				727B29221C3E074F004291A7 /* Memorable_places_playTestUITests */,
				727B29011C3E074F004291A7 /* Products */,
			);
			sourceTree = "<group>";
		};
		727B29011C3E074F004291A7 /* Products */ = {
			isa = PBXGroup;
			children = (
				727B29001C3E074F004291A7 /* Memorable_places_playTest.app */,
				727B29141C3E074F004291A7 /* Memorable_places_playTestTests.xctest */,
				727B291F1C3E074F004291A7 /* Memorable_places_playTestUITests.xctest */,
			);
			name = Products;
			sourceTree = "<group>";
		};
		727B29021C3E074F004291A7 /* Memorable_places_playTest */ = {
			isa = PBXGroup;
			children = (
				727B29031C3E074F004291A7 /* AppDelegate.swift */,
				727B29051C3E074F004291A7 /* ViewController.swift */,
				727B29071C3E074F004291A7 /* Main.storyboard */,
				727B29311C3E0A4C004291A7 /* TableViewController.swift */,
				727B290A1C3E074F004291A7 /* Assets.xcassets */,
				727B290C1C3E074F004291A7 /* LaunchScreen.storyboard */,
				727B290F1C3E074F004291A7 /* Info.plist */,
			);
			path = Memorable_places_playTest;
			sourceTree = "<group>";
		};
		727B29171C3E074F004291A7 /* Memorable_places_playTestTests */ = {
			isa = PBXGroup;
			children = (
				727B29181C3E074F004291A7 /* Memorable_places_playTestTests.swift */,
				727B291A1C3E074F004291A7 /* Info.plist */,
			);
			path = Memorable_places_playTestTests;
			sourceTree = "<group>";
		};
		727B29221C3E074F004291A7 /* Memorable_places_playTestUITests */ = {
			isa = PBXGroup;
			children = (
				727B29231C3E074F004291A7 /* Memorable_places_playTestUITests.swift */,
				727B29251C3E074F004291A7 /* Info.plist */,
			);
			path = Memorable_places_playTestUITests;
			sourceTree = "<group>";
		};
/* End PBXGroup section */

/* Begin PBXNativeTarget section */
		727B28FF1C3E074F004291A7 /* Memorable_places_playTest */ = {
			isa = PBXNativeTarget;
			buildConfigurationList = 727B29281C3E074F004291A7 /* Build configuration list for PBXNativeTarget "Memorable_places_playTest" */;
			buildPhases = (
				727B28FC1C3E074F004291A7 /* Sources */,
				727B28FD1C3E074F004291A7 /* Frameworks */,
				727B28FE1C3E074F004291A7 /* Resources */,
			);
			buildRules = (
			);
			dependencies = (
			);
			name = Memorable_places_playTest;
			productName = Memorable_places_playTest;
			productReference = 727B29001C3E074F004291A7 /* Memorable_places_playTest.app */;
			productType = "com.apple.product-type.application";
		};
		727B29131C3E074F004291A7 /* Memorable_places_playTestTests */ = {
			isa = PBXNativeTarget;
			buildConfigurationList = 727B292B1C3E074F004291A7 /* Build configuration list for PBXNativeTarget "Memorable_places_playTestTests" */;
			buildPhases = (
				727B29101C3E074F004291A7 /* Sources */,
				727B29111C3E074F004291A7 /* Frameworks */,
				727B29121C3E074F004291A7 /* Resources */,
			);
			buildRules = (
			);
			dependencies = (
				727B29161C3E074F004291A7 /* PBXTargetDependency */,
			);
			name = Memorable_places_playTestTests;
			productName = Memorable_places_playTestTests;
			productReference = 727B29141C3E074F004291A7 /* Memorable_places_playTestTests.xctest */;
			productType = "com.apple.product-type.bundle.unit-test";
		};
		727B291E1C3E074F004291A7 /* Memorable_places_playTestUITests */ = {
			isa = PBXNativeTarget;
			buildConfigurationList = 727B292E1C3E074F004291A7 /* Build configuration list for PBXNativeTarget "Memorable_places_playTestUITests" */;
			buildPhases = (
				727B291B1C3E074F004291A7 /* Sources */,
				727B291C1C3E074F004291A7 /* Frameworks */,
				727B291D1C3E074F004291A7 /* Resources */,
			);
			buildRules = (
			);
			dependencies = (
				727B29211C3E074F004291A7 /* PBXTargetDependency */,
			);
			name = Memorable_places_playTestUITests;
			productName = Memorable_places_playTestUITests;
			productReference = 727B291F1C3E074F004291A7 /* Memorable_places_playTestUITests.xctest */;
			productType = "com.apple.product-type.bundle.ui-testing";
		};
/* End PBXNativeTarget section */

/* Begin PBXProject section */
		727B28F81C3E074F004291A7 /* Project object */ = {
			isa = PBXProject;
			attributes = {
				LastSwiftUpdateCheck = 0720;
				LastUpgradeCheck = 0720;
				ORGANIZATIONNAME = "Dingchao Zhang";
				TargetAttributes = {
					727B28FF1C3E074F004291A7 = {
						CreatedOnToolsVersion = 7.2;
					};
					727B29131C3E074F004291A7 = {
						CreatedOnToolsVersion = 7.2;
						TestTargetID = 727B28FF1C3E074F004291A7;
					};
					727B291E1C3E074F004291A7 = {
						CreatedOnToolsVersion = 7.2;
						TestTargetID = 727B28FF1C3E074F004291A7;
					};
				};
			};
			buildConfigurationList = 727B28FB1C3E074F004291A7 /* Build configuration list for PBXProject "Memorable_places_playTest" */;
			compatibilityVersion = "Xcode 3.2";
			developmentRegion = English;
			hasScannedForEncodings = 0;
			knownRegions = (
				en,
				Base,
			);
			mainGroup = 727B28F71C3E074F004291A7;
			productRefGroup = 727B29011C3E074F004291A7 /* Products */;
			projectDirPath = "";
			projectRoot = "";
			targets = (
				727B28FF1C3E074F004291A7 /* Memorable_places_playTest */,
				727B29131C3E074F004291A7 /* Memorable_places_playTestTests */,
				727B291E1C3E074F004291A7 /* Memorable_places_playTestUITests */,
			);
		};
/* End PBXProject section */

/* Begin PBXResourcesBuildPhase section */
		727B28FE1C3E074F004291A7 /* Resources */ = {
			isa = PBXResourcesBuildPhase;
			buildActionMask = 2147483647;
			files = (
				727B290E1C3E074F004291A7 /* LaunchScreen.storyboard in Resources */,
				727B290B1C3E074F004291A7 /* Assets.xcassets in Resources */,
				727B29091C3E074F004291A7 /* Main.storyboard in Resources */,
			);
			runOnlyForDeploymentPostprocessing = 0;
		};
		727B29121C3E074F004291A7 /* Resources */ = {
			isa = PBXResourcesBuildPhase;
			buildActionMask = 2147483647;
			files = (
			);
			runOnlyForDeploymentPostprocessing = 0;
		};
		727B291D1C3E074F004291A7 /* Resources */ = {
			isa = PBXResourcesBuildPhase;
			buildActionMask = 2147483647;
			files = (
			);
			runOnlyForDeploymentPostprocessing = 0;
		};
/* End PBXResourcesBuildPhase section */

/* Begin PBXSourcesBuildPhase section */
		727B28FC1C3E074F004291A7 /* Sources */ = {
			isa = PBXSourcesBuildPhase;
			buildActionMask = 2147483647;
			files = (
				727B29061C3E074F004291A7 /* ViewController.swift in Sources */,
				727B29321C3E0A4C004291A7 /* TableViewController.swift in Sources */,
				727B29041C3E074F004291A7 /* AppDelegate.swift in Sources */,
			);
			runOnlyForDeploymentPostprocessing = 0;
		};
		727B29101C3E074F004291A7 /* Sources */ = {
			isa = PBXSourcesBuildPhase;
			buildActionMask = 2147483647;
			files = (
				727B29191C3E074F004291A7 /* Memorable_places_playTestTests.swift in Sources */,
			);
			runOnlyForDeploymentPostprocessing = 0;
		};
		727B291B1C3E074F004291A7 /* Sources */ = {
			isa = PBXSourcesBuildPhase;
			buildActionMask = 2147483647;
			files = (
				727B29241C3E074F004291A7 /* Memorable_places_playTestUITests.swift in Sources */,
			);
			runOnlyForDeploymentPostprocessing = 0;
		};
/* End PBXSourcesBuildPhase section */

/* Begin PBXTargetDependency section */
		727B29161C3E074F004291A7 /* PBXTargetDependency */ = {
			isa = PBXTargetDependency;
			target = 727B28FF1C3E074F004291A7 /* Memorable_places_playTest */;
			targetProxy = 727B29151C3E074F004291A7 /* PBXContainerItemProxy */;
		};
		727B29211C3E074F004291A7 /* PBXTargetDependency */ = {
			isa = PBXTargetDependency;
			target = 727B28FF1C3E074F004291A7 /* Memorable_places_playTest */;
			targetProxy = 727B29201C3E074F004291A7 /* PBXContainerItemProxy */;
		};
/* End PBXTargetDependency section */

/* Begin PBXVariantGroup section */
		727B29071C3E074F004291A7 /* Main.storyboard */ = {
			isa = PBXVariantGroup;
			children = (
				727B29081C3E074F004291A7 /* Base */,
			);
			name = Main.storyboard;
			sourceTree = "<group>";
		};
		727B290C1C3E074F004291A7 /* LaunchScreen.storyboard */ = {
			isa = PBXVariantGroup;
			children = (
				727B290D1C3E074F004291A7 /* Base */,
			);
			name = LaunchScreen.storyboard;
			sourceTree = "<group>";
		};
/* End PBXVariantGroup section */

/* Begin XCBuildConfiguration section */
		727B29261C3E074F004291A7 /* Debug */ = {
			isa = XCBuildConfiguration;
			buildSettings = {
				ALWAYS_SEARCH_USER_PATHS = NO;
				CLANG_CXX_LANGUAGE_STANDARD = "gnu++0x";
				CLANG_CXX_LIBRARY = "libc++";
				CLANG_ENABLE_MODULES = YES;
				CLANG_ENABLE_OBJC_ARC = YES;
				CLANG_WARN_BOOL_CONVERSION = YES;
				CLANG_WARN_CONSTANT_CONVERSION = YES;
				CLANG_WARN_DIRECT_OBJC_ISA_USAGE = YES_ERROR;
				CLANG_WARN_EMPTY_BODY = YES;
				CLANG_WARN_ENUM_CONVERSION = YES;
				CLANG_WARN_INT_CONVERSION = YES;
				CLANG_WARN_OBJC_ROOT_CLASS = YES_ERROR;
				CLANG_WARN_UNREACHABLE_CODE = YES;
				CLANG_WARN__DUPLICATE_METHOD_MATCH = YES;
				"CODE_SIGN_IDENTITY[sdk=iphoneos*]" = "iPhone Developer";
				COPY_PHASE_STRIP = NO;
				DEBUG_INFORMATION_FORMAT = dwarf;
				ENABLE_STRICT_OBJC_MSGSEND = YES;
				ENABLE_TESTABILITY = YES;
				GCC_C_LANGUAGE_STANDARD = gnu99;
				GCC_DYNAMIC_NO_PIC = NO;
				GCC_NO_COMMON_BLOCKS = YES;
				GCC_OPTIMIZATION_LEVEL = 0;
				GCC_PREPROCESSOR_DEFINITIONS = (
					"DEBUG=1",
					"$(inherited)",
				);
				GCC_WARN_64_TO_32_BIT_CONVERSION = YES;
				GCC_WARN_ABOUT_RETURN_TYPE = YES_ERROR;
				GCC_WARN_UNDECLARED_SELECTOR = YES;
				GCC_WARN_UNINITIALIZED_AUTOS = YES_AGGRESSIVE;
				GCC_WARN_UNUSED_FUNCTION = YES;
				GCC_WARN_UNUSED_VARIABLE = YES;
				IPHONEOS_DEPLOYMENT_TARGET = 9.2;
				MTL_ENABLE_DEBUG_INFO = YES;
				ONLY_ACTIVE_ARCH = YES;
				SDKROOT = iphoneos;
				SWIFT_OPTIMIZATION_LEVEL = "-Onone";
			};
			name = Debug;
		};
		727B29271C3E074F004291A7 /* Release */ = {
			isa = XCBuildConfiguration;
			buildSettings = {
				ALWAYS_SEARCH_USER_PATHS = NO;
				CLANG_CXX_LANGUAGE_STANDARD = "gnu++0x";
				CLANG_CXX_LIBRARY = "libc++";
				CLANG_ENABLE_MODULES = YES;
				CLANG_ENABLE_OBJC_ARC = YES;
				CLANG_WARN_BOOL_CONVERSION = YES;
				CLANG_WARN_CONSTANT_CONVERSION = YES;
				CLANG_WARN_DIRECT_OBJC_ISA_USAGE = YES_ERROR;
				CLANG_WARN_EMPTY_BODY = YES;
				CLANG_WARN_ENUM_CONVERSION = YES;
				CLANG_WARN_INT_CONVERSION = YES;
				CLANG_WARN_OBJC_ROOT_CLASS = YES_ERROR;
				CLANG_WARN_UNREACHABLE_CODE = YES;
				CLANG_WARN__DUPLICATE_METHOD_MATCH = YES;
				"CODE_SIGN_IDENTITY[sdk=iphoneos*]" = "iPhone Developer";
				COPY_PHASE_STRIP = NO;
				DEBUG_INFORMATION_FORMAT = "dwarf-with-dsym";
				ENABLE_NS_ASSERTIONS = NO;
				ENABLE_STRICT_OBJC_MSGSEND = YES;
				GCC_C_LANGUAGE_STANDARD = gnu99;
				GCC_NO_COMMON_BLOCKS = YES;
				GCC_WARN_64_TO_32_BIT_CONVERSION = YES;
				GCC_WARN_ABOUT_RETURN_TYPE = YES_ERROR;
				GCC_WARN_UNDECLARED_SELECTOR = YES;
				GCC_WARN_UNINITIALIZED_AUTOS = YES_AGGRESSIVE;
				GCC_WARN_UNUSED_FUNCTION = YES;
				GCC_WARN_UNUSED_VARIABLE = YES;
				IPHONEOS_DEPLOYMENT_TARGET = 9.2;
				MTL_ENABLE_DEBUG_INFO = NO;
				SDKROOT = iphoneos;
				VALIDATE_PRODUCT = YES;
			};
			name = Release;
		};
		727B29291C3E074F004291A7 /* Debug */ = {
			isa = XCBuildConfiguration;
			buildSettings = {
				ASSETCATALOG_COMPILER_APPICON_NAME = AppIcon;
				INFOPLIST_FILE = Memorable_places_playTest/Info.plist;
				LD_RUNPATH_SEARCH_PATHS = "$(inherited) @executable_path/Frameworks";
				PRODUCT_BUNDLE_IDENTIFIER = "com.dingchaoz.Memorable-places-playTest";
				PRODUCT_NAME = "$(TARGET_NAME)";
			};
			name = Debug;
		};
		727B292A1C3E074F004291A7 /* Release */ = {
			isa = XCBuildConfiguration;
			buildSettings = {
				ASSETCATALOG_COMPILER_APPICON_NAME = AppIcon;
				INFOPLIST_FILE = Memorable_places_playTest/Info.plist;
				LD_RUNPATH_SEARCH_PATHS = "$(inherited) @executable_path/Frameworks";
				PRODUCT_BUNDLE_IDENTIFIER = "com.dingchaoz.Memorable-places-playTest";
				PRODUCT_NAME = "$(TARGET_NAME)";
			};
			name = Release;
		};
		727B292C1C3E074F004291A7 /* Debug */ = {
			isa = XCBuildConfiguration;
			buildSettings = {
				BUNDLE_LOADER = "$(TEST_HOST)";
				INFOPLIST_FILE = Memorable_places_playTestTests/Info.plist;
				LD_RUNPATH_SEARCH_PATHS = "$(inherited) @executable_path/Frameworks @loader_path/Frameworks";
				PRODUCT_BUNDLE_IDENTIFIER = "com.dingchaoz.Memorable-places-playTestTests";
				PRODUCT_NAME = "$(TARGET_NAME)";
				TEST_HOST = "$(BUILT_PRODUCTS_DIR)/Memorable_places_playTest.app/Memorable_places_playTest";
			};
			name = Debug;
		};
		727B292D1C3E074F004291A7 /* Release */ = {
			isa = XCBuildConfiguration;
			buildSettings = {
				BUNDLE_LOADER = "$(TEST_HOST)";
				INFOPLIST_FILE = Memorable_places_playTestTests/Info.plist;
				LD_RUNPATH_SEARCH_PATHS = "$(inherited) @executable_path/Frameworks @loader_path/Frameworks";
				PRODUCT_BUNDLE_IDENTIFIER = "com.dingchaoz.Memorable-places-playTestTests";
				PRODUCT_NAME = "$(TARGET_NAME)";
				TEST_HOST = "$(BUILT_PRODUCTS_DIR)/Memorable_places_playTest.app/Memorable_places_playTest";
			};
			name = Release;
		};
		727B292F1C3E074F004291A7 /* Debug */ = {
			isa = XCBuildConfiguration;
			buildSettings = {
				INFOPLIST_FILE = Memorable_places_playTestUITests/Info.plist;
				LD_RUNPATH_SEARCH_PATHS = "$(inherited) @executable_path/Frameworks @loader_path/Frameworks";
				PRODUCT_BUNDLE_IDENTIFIER = "com.dingchaoz.Memorable-places-playTestUITests";
				PRODUCT_NAME = "$(TARGET_NAME)";
				TEST_TARGET_NAME = Memorable_places_playTest;
				USES_XCTRUNNER = YES;
			};
			name = Debug;
		};
		727B29301C3E074F004291A7 /* Release */ = {
			isa = XCBuildConfiguration;
			buildSettings = {
				INFOPLIST_FILE = Memorable_places_playTestUITests/Info.plist;
				LD_RUNPATH_SEARCH_PATHS = "$(inherited) @executable_path/Frameworks @loader_path/Frameworks";
				PRODUCT_BUNDLE_IDENTIFIER = "com.dingchaoz.Memorable-places-playTestUITests";
				PRODUCT_NAME = "$(TARGET_NAME)";
				TEST_TARGET_NAME = Memorable_places_playTest;
				USES_XCTRUNNER = YES;
			};
			name = Release;
		};
/* End XCBuildConfiguration section */

/* Begin XCConfigurationList section */
		727B28FB1C3E074F004291A7 /* Build configuration list for PBXProject "Memorable_places_playTest" */ = {
			isa = XCConfigurationList;
			buildConfigurations = (
				727B29261C3E074F004291A7 /* Debug */,
				727B29271C3E074F004291A7 /* Release */,
			);
			defaultConfigurationIsVisible = 0;
			defaultConfigurationName = Release;
		};
		727B29281C3E074F004291A7 /* Build configuration list for PBXNativeTarget "Memorable_places_playTest" */ = {
			isa = XCConfigurationList;
			buildConfigurations = (
				727B29291C3E074F004291A7 /* Debug */,
				727B292A1C3E074F004291A7 /* Release */,
			);
			defaultConfigurationIsVisible = 0;
			defaultConfigurationName = Release;
		};
		727B292B1C3E074F004291A7 /* Build configuration list for PBXNativeTarget "Memorable_places_playTestTests" */ = {
			isa = XCConfigurationList;
			buildConfigurations = (
				727B292C1C3E074F004291A7 /* Debug */,
				727B292D1C3E074F004291A7 /* Release */,
			);
			defaultConfigurationIsVisible = 0;
			defaultConfigurationName = Release;
		};
		727B292E1C3E074F004291A7 /* Build configuration list for PBXNativeTarget "Memorable_places_playTestUITests" */ = {
			isa = XCConfigurationList;
			buildConfigurations = (
				727B292F1C3E074F004291A7 /* Debug */,
				727B29301C3E074F004291A7 /* Release */,
			);
			defaultConfigurationIsVisible = 0;
			defaultConfigurationName = Release;
		};
/* End XCConfigurationList section */
	};
	rootObject = 727B28F81C3E074F004291A7 /* Project object */;
}
